
Microsoft Visual Studio Solution File, Format Version 12.00
# Visual Studio Version 16
VisualStudioVersion = 16.0.29613.14
MinimumVisualStudioVersion = 10.0.40219.1
Project("{FAE04EC0-301F-11D3-BF4B-00C04F79EFBC}") = "KrabbyQuestTools", "KrabbyQuestTools\KrabbyQuestTools.csproj", "{417D952F-1EE0-462A-BFE0-8D25BEC236E3}"
EndProject
Project("{FAE04EC0-301F-11D3-BF4B-00C04F79EFBC}") = "StinkyFile", "KrabbyQuestTools\StinkyFile\StinkyFile.csproj", "{1A2E0E3A-520F-4AD6-B635-2A6CEB574A16}"
EndProject
Project("{888888A0-9F3D-457C-B088-3A5042F75D52}") = "BlenderExporter", "BlenderExporter\BlenderExporter.pyproj", "{4F080861-0D2F-4FA2-BBFC-116AB47F43C4}"
EndProject
Project("{FAE04EC0-301F-11D3-BF4B-00C04F79EFBC}") = "Krabby Quest Installer", "Krabby Quest Installer\Krabby Quest Installer.csproj", "{9359B753-3AA9-4363-AF97-D375F2435201}"
EndProject
Project("{FAE04EC0-301F-11D3-BF4B-00C04F79EFBC}") = "KrabbyQuestTools.Common", "KrabbyQuestTools.Common\KrabbyQuestTools.Common.csproj", "{8341C197-E693-42B9-80CC-5E214D136CFB}"
EndProject
Global
	GlobalSection(SolutionConfigurationPlatforms) = preSolution
		Debug|Any CPU = Debug|Any CPU
		Debug|ARM = Debug|ARM
		Debug|ARM64 = Debug|ARM64
		Debug|x64 = Debug|x64
		Debug|x86 = Debug|x86
		Release|Any CPU = Release|Any CPU
		Release|ARM = Release|ARM
		Release|ARM64 = Release|ARM64
		Release|x64 = Release|x64
		Release|x86 = Release|x86
	EndGlobalSection
	GlobalSection(ProjectConfigurationPlatforms) = postSolution
		{417D952F-1EE0-462A-BFE0-8D25BEC236E3}.Debug|Any CPU.ActiveCfg = Debug|Any CPU
		{417D952F-1EE0-462A-BFE0-8D25BEC236E3}.Debug|Any CPU.Build.0 = Debug|Any CPU
		{417D952F-1EE0-462A-BFE0-8D25BEC236E3}.Debug|ARM.ActiveCfg = Debug|Any CPU
		{417D952F-1EE0-462A-BFE0-8D25BEC236E3}.Debug|ARM.Build.0 = Debug|Any CPU
		{417D952F-1EE0-462A-BFE0-8D25BEC236E3}.Debug|ARM64.ActiveCfg = Debug|Any CPU
		{417D952F-1EE0-462A-BFE0-8D25BEC236E3}.Debug|ARM64.Build.0 = Debug|Any CPU
		{417D952F-1EE0-462A-BFE0-8D25BEC236E3}.Debug|x64.ActiveCfg = Debug|Any CPU
		{417D952F-1EE0-462A-BFE0-8D25BEC236E3}.Debug|x64.Build.0 = Debug|Any CPU
		{417D952F-1EE0-462A-BFE0-8D25BEC236E3}.Debug|x86.ActiveCfg = Debug|Any CPU
		{417D952F-1EE0-462A-BFE0-8D25BEC236E3}.Debug|x86.Build.0 = Debug|Any CPU
		{417D952F-1EE0-462A-BFE0-8D25BEC236E3}.Release|Any CPU.ActiveCfg = Release|Any CPU
		{417D952F-1EE0-462A-BFE0-8D25BEC236E3}.Release|Any CPU.Build.0 = Release|Any CPU
		{417D952F-1EE0-462A-BFE0-8D25BEC236E3}.Release|ARM.ActiveCfg = Release|Any CPU
		{417D952F-1EE0-462A-BFE0-8D25BEC236E3}.Release|ARM.Build.0 = Release|Any CPU
		{417D952F-1EE0-462A-BFE0-8D25BEC236E3}.Release|ARM64.ActiveCfg = Release|Any CPU
		{417D952F-1EE0-462A-BFE0-8D25BEC236E3}.Release|ARM64.Build.0 = Release|Any CPU
		{417D952F-1EE0-462A-BFE0-8D25BEC236E3}.Release|x64.ActiveCfg = Release|Any CPU
		{417D952F-1EE0-462A-BFE0-8D25BEC236E3}.Release|x64.Build.0 = Release|Any CPU
		{417D952F-1EE0-462A-BFE0-8D25BEC236E3}.Release|x86.ActiveCfg = Release|Any CPU
		{417D952F-1EE0-462A-BFE0-8D25BEC236E3}.Release|x86.Build.0 = Release|Any CPU
		{1A2E0E3A-520F-4AD6-B635-2A6CEB574A16}.Debug|Any CPU.ActiveCfg = Debug|Any CPU
		{1A2E0E3A-520F-4AD6-B635-2A6CEB574A16}.Debug|Any CPU.Build.0 = Debug|Any CPU
		{1A2E0E3A-520F-4AD6-B635-2A6CEB574A16}.Debug|ARM.ActiveCfg = Debug|Any CPU
		{1A2E0E3A-520F-4AD6-B635-2A6CEB574A16}.Debug|ARM.Build.0 = Debug|Any CPU
		{1A2E0E3A-520F-4AD6-B635-2A6CEB574A16}.Debug|ARM64.ActiveCfg = Debug|Any CPU
		{1A2E0E3A-520F-4AD6-B635-2A6CEB574A16}.Debug|ARM64.Build.0 = Debug|Any CPU
		{1A2E0E3A-520F-4AD6-B635-2A6CEB574A16}.Debug|x64.ActiveCfg = Debug|Any CPU
		{1A2E0E3A-520F-4AD6-B635-2A6CEB574A16}.Debug|x64.Build.0 = Debug|Any CPU
		{1A2E0E3A-520F-4AD6-B635-2A6CEB574A16}.Debug|x86.ActiveCfg = Debug|Any CPU
		{1A2E0E3A-520F-4AD6-B635-2A6CEB574A16}.Debug|x86.Build.0 = Debug|Any CPU
		{1A2E0E3A-520F-4AD6-B635-2A6CEB574A16}.Release|Any CPU.ActiveCfg = Release|Any CPU
		{1A2E0E3A-520F-4AD6-B635-2A6CEB574A16}.Release|Any CPU.Build.0 = Release|Any CPU
		{1A2E0E3A-520F-4AD6-B635-2A6CEB574A16}.Release|ARM.ActiveCfg = Release|Any CPU
		{1A2E0E3A-520F-4AD6-B635-2A6CEB574A16}.Release|ARM.Build.0 = Release|Any CPU
		{1A2E0E3A-520F-4AD6-B635-2A6CEB574A16}.Release|ARM64.ActiveCfg = Release|Any CPU
		{1A2E0E3A-520F-4AD6-B635-2A6CEB574A16}.Release|ARM64.Build.0 = Release|Any CPU
		{1A2E0E3A-520F-4AD6-B635-2A6CEB574A16}.Release|x64.ActiveCfg = Release|Any CPU
		{1A2E0E3A-520F-4AD6-B635-2A6CEB574A16}.Release|x64.Build.0 = Release|Any CPU
		{1A2E0E3A-520F-4AD6-B635-2A6CEB574A16}.Release|x86.ActiveCfg = Release|Any CPU
		{1A2E0E3A-520F-4AD6-B635-2A6CEB574A16}.Release|x86.Build.0 = Release|Any CPU
		{4F080861-0D2F-4FA2-BBFC-116AB47F43C4}.Debug|Any CPU.ActiveCfg = Debug|Any CPU
		{4F080861-0D2F-4FA2-BBFC-116AB47F43C4}.Debug|ARM.ActiveCfg = Debug|Any CPU
		{4F080861-0D2F-4FA2-BBFC-116AB47F43C4}.Debug|ARM64.ActiveCfg = Debug|Any CPU
		{4F080861-0D2F-4FA2-BBFC-116AB47F43C4}.Debug|x64.ActiveCfg = Debug|Any CPU
		{4F080861-0D2F-4FA2-BBFC-116AB47F43C4}.Debug|x86.ActiveCfg = Debug|Any CPU
		{4F080861-0D2F-4FA2-BBFC-116AB47F43C4}.Release|Any CPU.ActiveCfg = Release|Any CPU
		{4F080861-0D2F-4FA2-BBFC-116AB47F43C4}.Release|ARM.ActiveCfg = Release|Any CPU
		{4F080861-0D2F-4FA2-BBFC-116AB47F43C4}.Release|ARM64.ActiveCfg = Release|Any CPU
		{4F080861-0D2F-4FA2-BBFC-116AB47F43C4}.Release|x64.ActiveCfg = Release|Any CPU
		{4F080861-0D2F-4FA2-BBFC-116AB47F43C4}.Release|x86.ActiveCfg = Release|Any CPU
		{9359B753-3AA9-4363-AF97-D375F2435201}.Debug|Any CPU.ActiveCfg = Debug|Any CPU
		{9359B753-3AA9-4363-AF97-D375F2435201}.Debug|Any CPU.Build.0 = Debug|Any CPU
		{9359B753-3AA9-4363-AF97-D375F2435201}.Debug|ARM.ActiveCfg = Debug|Any CPU
		{9359B753-3AA9-4363-AF97-D375F2435201}.Debug|ARM.Build.0 = Debug|Any CPU
		{9359B753-3AA9-4363-AF97-D375F2435201}.Debug|ARM64.ActiveCfg = Debug|Any CPU
		{9359B753-3AA9-4363-AF97-D375F2435201}.Debug|ARM64.Build.0 = Debug|Any CPU
		{9359B753-3AA9-4363-AF97-D375F2435201}.Debug|x64.ActiveCfg = Debug|Any CPU
		{9359B753-3AA9-4363-AF97-D375F2435201}.Debug|x64.Build.0 = Debug|Any CPU
		{9359B753-3AA9-4363-AF97-D375F2435201}.Debug|x86.ActiveCfg = Debug|Any CPU
		{9359B753-3AA9-4363-AF97-D375F2435201}.Debug|x86.Build.0 = Debug|Any CPU
		{9359B753-3AA9-4363-AF97-D375F2435201}.Release|Any CPU.ActiveCfg = Release|Any CPU
		{9359B753-3AA9-4363-AF97-D375F2435201}.Release|Any CPU.Build.0 = Release|Any CPU
		{9359B753-3AA9-4363-AF97-D375F2435201}.Release|ARM.ActiveCfg = Release|Any CPU
		{9359B753-3AA9-4363-AF97-D375F2435201}.Release|ARM.Build.0 = Release|Any CPU
		{9359B753-3AA9-4363-AF97-D375F2435201}.Release|ARM64.ActiveCfg = Release|Any CPU
		{9359B753-3AA9-4363-AF97-D375F2435201}.Release|ARM64.Build.0 = Release|Any CPU
		{9359B753-3AA9-4363-AF97-D375F2435201}.Release|x64.ActiveCfg = Release|Any CPU
		{9359B753-3AA9-4363-AF97-D375F2435201}.Release|x64.Build.0 = Release|Any CPU
		{9359B753-3AA9-4363-AF97-D375F2435201}.Release|x86.ActiveCfg = Release|Any CPU
		{9359B753-3AA9-4363-AF97-D375F2435201}.Release|x86.Build.0 = Release|Any CPU
		{8341C197-E693-42B9-80CC-5E214D136CFB}.Debug|Any CPU.ActiveCfg = Debug|Any CPU
		{8341C197-E693-42B9-80CC-5E214D136CFB}.Debug|Any CPU.Build.0 = Debug|Any CPU
		{8341C197-E693-42B9-80CC-5E214D136CFB}.Debug|ARM.ActiveCfg = Debug|Any CPU
		{8341C197-E693-42B9-80CC-5E214D136CFB}.Debug|ARM.Build.0 = Debug|Any CPU
		{8341C197-E693-42B9-80CC-5E214D136CFB}.Debug|ARM64.ActiveCfg = Debug|Any CPU
		{8341C197-E693-42B9-80CC-5E214D136CFB}.Debug|ARM64.Build.0 = Debug|Any CPU
		{8341C197-E693-42B9-80CC-5E214D136CFB}.Debug|x64.ActiveCfg = Debug|Any CPU
		{8341C197-E693-42B9-80CC-5E214D136CFB}.Debug|x64.Build.0 = Debug|Any CPU
		{8341C197-E693-42B9-80CC-5E214D136CFB}.Debug|x86.ActiveCfg = Debug|Any CPU
		{8341C197-E693-42B9-80CC-5E214D136CFB}.Debug|x86.Build.0 = Debug|Any CPU
		{8341C197-E693-42B9-80CC-5E214D136CFB}.Release|Any CPU.ActiveCfg = Release|Any CPU
		{8341C197-E693-42B9-80CC-5E214D136CFB}.Release|Any CPU.Build.0 = Release|Any CPU
		{8341C197-E693-42B9-80CC-5E214D136CFB}.Release|ARM.ActiveCfg = Release|Any CPU
		{8341C197-E693-42B9-80CC-5E214D136CFB}.Release|ARM.Build.0 = Release|Any CPU
		{8341C197-E693-42B9-80CC-5E214D136CFB}.Release|ARM64.ActiveCfg = Release|Any CPU
		{8341C197-E693-42B9-80CC-5E214D136CFB}.Release|ARM64.Build.0 = Release|Any CPU
		{8341C197-E693-42B9-80CC-5E214D136CFB}.Release|x64.ActiveCfg = Release|Any CPU
		{8341C197-E693-42B9-80CC-5E214D136CFB}.Release|x64.Build.0 = Release|Any CPU
		{8341C197-E693-42B9-80CC-5E214D136CFB}.Release|x86.ActiveCfg = Release|Any CPU
		{8341C197-E693-42B9-80CC-5E214D136CFB}.Release|x86.Build.0 = Release|Any CPU
	EndGlobalSection
	GlobalSection(SolutionProperties) = preSolution
		HideSolutionNode = FALSE
	EndGlobalSection
	GlobalSection(ExtensibilityGlobals) = postSolution
		SolutionGuid = {4C251953-EAF7-4344-82A0-CAF08D978AEA}
	EndGlobalSection
EndGlobal
