
Microsoft Visual Studio Solution File, Format Version 12.00
# Visual Studio Version 16
VisualStudioVersion = 16.0.29613.14
MinimumVisualStudioVersion = 10.0.40219.1
Project("{FAE04EC0-301F-11D3-BF4B-00C04F79EFBC}") = "KrabbyQuestTools", "KrabbyQuestTools\KrabbyQuestTools.csproj", "{417D952F-1EE0-462A-BFE0-8D25BEC236E3}"
EndProject
Project("{FAE04EC0-301F-11D3-BF4B-00C04F79EFBC}") = "StinkyFile", "KrabbyQuestTools\StinkyFile\StinkyFile.csproj", "{1A2E0E3A-520F-4AD6-B635-2A6CEB574A16}"
EndProject
Project("{888888A0-9F3D-457C-B088-3A5042F75D52}") = "BlenderExporter", "BlenderExporter\BlenderExporter.pyproj", "{4F080861-0D2F-4FA2-BBFC-116AB47F43C4}"
EndProject
Global
	GlobalSection(SolutionConfigurationPlatforms) = preSolution
		Debug|Any CPU = Debug|Any CPU
		Release|Any CPU = Release|Any CPU
	EndGlobalSection
	GlobalSection(ProjectConfigurationPlatforms) = postSolution
		{417D952F-1EE0-462A-BFE0-8D25BEC236E3}.Debug|Any CPU.ActiveCfg = Debug|Any CPU
		{417D952F-1EE0-462A-BFE0-8D25BEC236E3}.Debug|Any CPU.Build.0 = Debug|Any CPU
		{417D952F-1EE0-462A-BFE0-8D25BEC236E3}.Release|Any CPU.ActiveCfg = Release|Any CPU
		{417D952F-1EE0-462A-BFE0-8D25BEC236E3}.Release|Any CPU.Build.0 = Release|Any CPU
		{1A2E0E3A-520F-4AD6-B635-2A6CEB574A16}.Debug|Any CPU.ActiveCfg = Debug|Any CPU
		{1A2E0E3A-520F-4AD6-B635-2A6CEB574A16}.Debug|Any CPU.Build.0 = Debug|Any CPU
		{1A2E0E3A-520F-4AD6-B635-2A6CEB574A16}.Release|Any CPU.ActiveCfg = Release|Any CPU
		{1A2E0E3A-520F-4AD6-B635-2A6CEB574A16}.Release|Any CPU.Build.0 = Release|Any CPU
		{4F080861-0D2F-4FA2-BBFC-116AB47F43C4}.Debug|Any CPU.ActiveCfg = Debug|Any CPU
		{4F080861-0D2F-4FA2-BBFC-116AB47F43C4}.Release|Any CPU.ActiveCfg = Release|Any CPU
	EndGlobalSection
	GlobalSection(SolutionProperties) = preSolution
		HideSolutionNode = FALSE
	EndGlobalSection
	GlobalSection(ExtensibilityGlobals) = postSolution
		SolutionGuid = {4C251953-EAF7-4344-82A0-CAF08D978AEA}
	EndGlobalSection
EndGlobal
