
Microsoft Visual Studio Solution File, Format Version 12.00
# Visual Studio 15
Project("{FAE04EC0-301F-11D3-BF4B-00C04F79EFBC}") = "Assembly-CSharp", "Assembly-CSharp.csproj", "{CE779F38-47EA-29E7-2D27-D2A5E87E5A14}"
EndProject
Global
	GlobalSection(SolutionConfigurationPlatforms) = preSolution
		Debug|Any CPU = Debug|Any CPU
		Release|Any CPU = Release|Any CPU
	EndGlobalSection
	GlobalSection(ProjectConfigurationPlatforms) = postSolution
		{CE779F38-47EA-29E7-2D27-D2A5E87E5A14}.Debug|Any CPU.ActiveCfg = Debug|Any CPU
		{CE779F38-47EA-29E7-2D27-D2A5E87E5A14}.Debug|Any CPU.Build.0 = Debug|Any CPU
		{CE779F38-47EA-29E7-2D27-D2A5E87E5A14}.Release|Any CPU.ActiveCfg = Release|Any CPU
		{CE779F38-47EA-29E7-2D27-D2A5E87E5A14}.Release|Any CPU.Build.0 = Release|Any CPU
	EndGlobalSection
	GlobalSection(SolutionProperties) = preSolution
		HideSolutionNode = FALSE
	EndGlobalSection
EndGlobal
